<?xml version="1.0" encoding="utf-8"?>
<Project ToolsVersion="4.0" xmlns="http://schemas.microsoft.com/developer/msbuild/2003">
  <ItemGroup>
    <Filter Include="Source Files">
      <UniqueIdentifier>{4FC737F1-C7A5-4376-A066-2A32D752A2FF}</UniqueIdentifier>
      <Extensions>cpp;c;cc;cxx;def;odl;idl;hpj;bat;asm;asmx</Extensions>
    </Filter>
    <Filter Include="Header Files">
      <UniqueIdentifier>{93995380-89BD-4b04-88EB-625FBE52EBFB}</UniqueIdentifier>
      <Extensions>h;hh;hpp;hxx;hm;inl;inc;xsd</Extensions>
    </Filter>
    <Filter Include="Resource Files">
      <UniqueIdentifier>{D9D6E242-F8AF-46E4-B9FD-80ECBC20BA3E}</UniqueIdentifier>
      <Extensions>qrc;*</Extensions>
      <ParseFiles>false</ParseFiles>
    </Filter>
    <Filter Include="Form Files">
      <UniqueIdentifier>{99349809-55BA-4b9d-BF79-8FDBB0286EB3}</UniqueIdentifier>
      <Extensions>ui</Extensions>
    </Filter>
    <Filter Include="Resource Files">
      <UniqueIdentifier>{D9D6E242-F8AF-46E4-B9FD-80ECBC20BA3E}</UniqueIdentifier>
      <Extensions>qrc;*</Extensions>
      <ParseFiles>false</ParseFiles>
    </Filter>
    <Filter Include="Generated Files">
      <UniqueIdentifier>{71ED8ED8-ACB9-4CE9-BBE1-E00B30144E11}</UniqueIdentifier>
      <Extensions>moc;h;cpp</Extensions>
      <SourceControlFiles>False</SourceControlFiles>
    </Filter>
  </ItemGroup>
  <ItemGroup>
    <ClCompile Include="main.cpp">
      <Filter>Source Files</Filter>
    </ClCompile>
    <ClCompile Include="minefinder.cpp">
      <Filter>Source Files</Filter>
    </ClCompile>
    <ClCompile Include="gameframe.cpp">
      <Filter>Source Files</Filter>
    </ClCompile>
    <ClCompile Include="tile.cpp">
      <Filter>Source Files</Filter>
    </ClCompile>
    <ClCompile Include="endgame.cpp">
      <Filter>Source Files</Filter>
    </ClCompile>
    <ClCompile Include="GeneratedFiles\Debug\moc_gameframe.cpp">
      <Filter>Generated Files</Filter>
    </ClCompile>
    <ClCompile Include="GeneratedFiles\Release\moc_gameframe.cpp">
      <Filter>Generated Files</Filter>
    </ClCompile>
    <ClCompile Include="GeneratedFiles\Debug\moc_tile.cpp">
      <Filter>Generated Files</Filter>
    </ClCompile>
    <ClCompile Include="GeneratedFiles\Release\moc_tile.cpp">
      <Filter>Generated Files</Filter>
    </ClCompile>
    <ClCompile Include="GeneratedFiles\Debug\moc_minefinder.cpp">
      <Filter>Generated Files</Filter>
    </ClCompile>
    <ClCompile Include="GeneratedFiles\Release\moc_minefinder.cpp">
      <Filter>Generated Files</Filter>
    </ClCompile>
    <ClCompile Include="GeneratedFiles\Debug\moc_endgame.cpp">
      <Filter>Generated Files</Filter>
    </ClCompile>
    <ClCompile Include="GeneratedFiles\Release\moc_endgame.cpp">
      <Filter>Generated Files</Filter>
    </ClCompile>
    <ClCompile Include="GeneratedFiles\qrc_minefinder.cpp">
      <Filter>Generated Files</Filter>
    </ClCompile>
    <ClCompile Include="GeneratedFiles\Debug\moc_settingswindow.cpp">
      <Filter>Generated Files</Filter>
    </ClCompile>
    <ClCompile Include="GeneratedFiles\Release\moc_settingswindow.cpp">
      <Filter>Generated Files</Filter>
    </ClCompile>
    <ClCompile Include="settingswindow.cpp">
      <Filter>Source Files</Filter>
    </ClCompile>
  </ItemGroup>
  <ItemGroup>
    <CustomBuild Include="minefinder.h">
      <Filter>Header Files</Filter>
    </CustomBuild>
    <CustomBuild Include="minefinder.qrc">
      <Filter>Resource Files</Filter>
    </CustomBuild>
    <CustomBuild Include="gameframe.h">
      <Filter>Header Files</Filter>
    </CustomBuild>
    <CustomBuild Include="tile.h">
      <Filter>Header Files</Filter>
    </CustomBuild>
    <CustomBuild Include="endgame.h">
      <Filter>Header Files</Filter>
    </CustomBuild>
    <CustomBuild Include="endgame.ui">
      <Filter>Form Files</Filter>
    </CustomBuild>
    <CustomBuild Include="minefinder.ui">
      <Filter>Form Files</Filter>
    </CustomBuild>
    <CustomBuild Include="settingswindow.h">
      <Filter>Header Files</Filter>
    </CustomBuild>
    <CustomBuild Include="settingswindow.ui">
      <Filter>Form Files</Filter>
    </CustomBuild>
  </ItemGroup>
  <ItemGroup>
    <ClInclude Include="GeneratedFiles\ui_endgame.h">
      <Filter>Generated Files</Filter>
    </ClInclude>
    <ClInclude Include="GeneratedFiles\ui_minefinder.h">
      <Filter>Generated Files</Filter>
    </ClInclude>
    <ClInclude Include="GeneratedFiles\ui_settingswindow.h">
      <Filter>Generated Files</Filter>
    </ClInclude>
  </ItemGroup>
  <ItemGroup>
    <Image Include="Resources\Button.png">
      <Filter>Resource Files</Filter>
    </Image>
    <Image Include="Resources\Flag_button.png">
      <Filter>Resource Files</Filter>
    </Image>
    <Image Include="Resources\Mark_button.png">
      <Filter>Resource Files</Filter>
    </Image>
    <Image Include="Resources\Mine.png">
      <Filter>Resource Files</Filter>
    </Image>
    <Image Include="Resources\Open_mine.png">
      <Filter>Resource Files</Filter>
    </Image>
    <Image Include="Resources\Tile.png">
      <Filter>Resource Files</Filter>
    </Image>
    <Image Include="Resources\Tile1.png">
      <Filter>Resource Files</Filter>
    </Image>
    <Image Include="Resources\Tile2.png">
      <Filter>Resource Files</Filter>
    </Image>
    <Image Include="Resources\Tile3.png">
      <Filter>Resource Files</Filter>
    </Image>
    <Image Include="Resources\Tile4.png">
      <Filter>Resource Files</Filter>
    </Image>
    <Image Include="Resources\Tile5.png">
      <Filter>Resource Files</Filter>
    </Image>
    <Image Include="Resources\Tile6.png">
      <Filter>Resource Files</Filter>
    </Image>
    <Image Include="Resources\Tile7.png">
      <Filter>Resource Files</Filter>
    </Image>
    <Image Include="Resources\Tile8.png">
      <Filter>Resource Files</Filter>
    </Image>
    <Image Include="Resources\Wrong_flag_button.png">
      <Filter>Resource Files</Filter>
    </Image>
  </ItemGroup>
</Project>